{
  "name": "npdefer",
  "version": "1.0.1",
  "lockfileVersion": 1,
  "requires": true,
  "dependencies": {
    "testnow": {
      "version": "1.0.1",
      "resolved": "https://registry.npmjs.org/testnow/-/testnow-1.0.1.tgz",
      "integrity": "sha512-5GgjY9deuoi83V8iJK7MzIwznMd/nVjmS9kRDzgXT26qeOpfg5yiEWEXKXLEdIVipzq7x+VDh38xX4d5s8xI+w==",
      "dev": true
    }
  }
}
